
Microsoft Visual Studio Solution File, Format Version 12.00
# Visual Studio Version 17
VisualStudioVersion = 17.2.32526.322
MinimumVisualStudioVersion = 10.0.40219.1
Project("{FAE04EC0-301F-11D3-BF4B-00C04F79EFBC}") = "AStarPathFinding", "AStarPathFinding\AStarPathFinding.csproj", "{2687A85C-CA45-489E-8AAB-FD02E59483E5}"
EndProject
Global
	GlobalSection(SolutionConfigurationPlatforms) = preSolution
		Debug|Any CPU = Debug|Any CPU
		Release|Any CPU = Release|Any CPU
	EndGlobalSection
	GlobalSection(ProjectConfigurationPlatforms) = postSolution
		{2687A85C-CA45-489E-8AAB-FD02E59483E5}.Debug|Any CPU.ActiveCfg = Debug|Any CPU
		{2687A85C-CA45-489E-8AAB-FD02E59483E5}.Debug|Any CPU.Build.0 = Debug|Any CPU
		{2687A85C-CA45-489E-8AAB-FD02E59483E5}.Release|Any CPU.ActiveCfg = Release|Any CPU
		{2687A85C-CA45-489E-8AAB-FD02E59483E5}.Release|Any CPU.Build.0 = Release|Any CPU
	EndGlobalSection
	GlobalSection(SolutionProperties) = preSolution
		HideSolutionNode = FALSE
	EndGlobalSection
	GlobalSection(ExtensibilityGlobals) = postSolution
		SolutionGuid = {D090552C-6DEF-4080-B19F-1187B5D67B0E}
	EndGlobalSection
EndGlobal
